Microsoft Visual Studio Solution File, Format Version 12.00
# Visual Studio Version 16
VisualStudioVersion = 16.0.31112.23
MinimumVisualStudioVersion = 10.0.40219.1
Project("{FAE04EC0-301F-11D3-BF4B-00C04F79EFBC}") = "ValidateRow_MVVM", "ValidateRow_MVVM\ValidateRow_MVVM.csproj", "{2C06B1D6-6009-45BB-8F88-A2F960AD6D72}"
EndProject
Project("{FAE04EC0-301F-11D3-BF4B-00C04F79EFBC}") = "ValidateRow_CodeBehind", "ValidateRow_CodeBehind\ValidateRow_CodeBehind.csproj", "{EC75A021-AA21-43A7-BCA6-DA7E08380878}"
EndProject
Global
	GlobalSection(SolutionConfigurationPlatforms) = preSolution
		Debug|Any CPU = Debug|Any CPU
		Release|Any CPU = Release|Any CPU
	EndGlobalSection
	GlobalSection(ProjectConfigurationPlatforms) = postSolution
		{2C06B1D6-6009-45BB-8F88-A2F960AD6D72}.Debug|Any CPU.ActiveCfg = Debug|Any CPU
		{2C06B1D6-6009-45BB-8F88-A2F960AD6D72}.Debug|Any CPU.Build.0 = Debug|Any CPU
		{2C06B1D6-6009-45BB-8F88-A2F960AD6D72}.Release|Any CPU.ActiveCfg = Release|Any CPU
		{2C06B1D6-6009-45BB-8F88-A2F960AD6D72}.Release|Any CPU.Build.0 = Release|Any CPU
		{EC75A021-AA21-43A7-BCA6-DA7E08380878}.Debug|Any CPU.ActiveCfg = Debug|Any CPU
		{EC75A021-AA21-43A7-BCA6-DA7E08380878}.Debug|Any CPU.Build.0 = Debug|Any CPU
		{EC75A021-AA21-43A7-BCA6-DA7E08380878}.Release|Any CPU.ActiveCfg = Release|Any CPU
		{EC75A021-AA21-43A7-BCA6-DA7E08380878}.Release|Any CPU.Build.0 = Release|Any CPU
	EndGlobalSection
	GlobalSection(SolutionProperties) = preSolution
		HideSolutionNode = FALSE
	EndGlobalSection
	GlobalSection(ExtensibilityGlobals) = postSolution
		SolutionGuid = {CA197C6D-855B-491D-801C-A9CF36C1D1C9}
	EndGlobalSection
EndGlobal
